
Microsoft Visual Studio Solution File, Format Version 12.00
# Visual Studio 15
Project("{FAE04EC0-301F-11D3-BF4B-00C04F79EFBC}") = "Unity.XR.Interaction.Toolkit.Samples.StarterAssets", "Unity.XR.Interaction.Toolkit.Samples.StarterAssets.csproj", "{9170C11C-4086-BF35-43CC-EEE16C193AEC}"
EndProject
Project("{FAE04EC0-301F-11D3-BF4B-00C04F79EFBC}") = "Unity.XR.Interaction.Toolkit.Samples.StarterAssets.Editor", "Unity.XR.Interaction.Toolkit.Samples.StarterAssets.Editor.csproj", "{962CD8FC-70D3-FE1D-0CFC-88B3BC558FAA}"
EndProject
Global
	GlobalSection(SolutionConfigurationPlatforms) = preSolution
		Debug|Any CPU = Debug|Any CPU
		Release|Any CPU = Release|Any CPU
	EndGlobalSection
	GlobalSection(ProjectConfigurationPlatforms) = postSolution
		{9170C11C-4086-BF35-43CC-EEE16C193AEC}.Debug|Any CPU.ActiveCfg = Debug|Any CPU
		{9170C11C-4086-BF35-43CC-EEE16C193AEC}.Debug|Any CPU.Build.0 = Debug|Any CPU
		{9170C11C-4086-BF35-43CC-EEE16C193AEC}.Release|Any CPU.ActiveCfg = Release|Any CPU
		{9170C11C-4086-BF35-43CC-EEE16C193AEC}.Release|Any CPU.Build.0 = Release|Any CPU
		{962CD8FC-70D3-FE1D-0CFC-88B3BC558FAA}.Debug|Any CPU.ActiveCfg = Debug|Any CPU
		{962CD8FC-70D3-FE1D-0CFC-88B3BC558FAA}.Debug|Any CPU.Build.0 = Debug|Any CPU
		{962CD8FC-70D3-FE1D-0CFC-88B3BC558FAA}.Release|Any CPU.ActiveCfg = Release|Any CPU
		{962CD8FC-70D3-FE1D-0CFC-88B3BC558FAA}.Release|Any CPU.Build.0 = Release|Any CPU
	EndGlobalSection
	GlobalSection(SolutionProperties) = preSolution
		HideSolutionNode = FALSE
	EndGlobalSection
EndGlobal
